github.com/gempir/go-twitch-irc v1.1.0 h1:Q9gQGI/3yJzYwlYDlFsGJzWfpaqubMExfmBXNpOC6W0=
github.com/gempir/go-twitch-irc v1.1.0/go.mod h1:Pc661rsUSmkQXvI9W2bNyLt4ZrMAgHZPnVwMQEJ0fdo=
github.com/gempir/go-twitch-irc/v3 v3.0.0 h1:e34R+9BdKy+qrO/wN+FCt+BUtyn38gCnJuKWscIKbl4=
github.com/gempir/go-twitch-irc/v3 v3.0.0/go.mod h1:/W9KZIiyizVecp4PEb7kc4AlIyXKiCmvlXrzlpPUytU=
github.com/joho/godotenv v1.4.0 h1:3l4+N6zfMWnkbPEXKng2o2/MR5mSwTrBih4ZEkkz1lg=
github.com/joho/godotenv v1.4.0/go.mod h1:f4LDr5Voq0i2e/R5DDNOoa2zzDfwtkZa6DnEwAbqwq4=
